
Microsoft Visual Studio Solution File, Format Version 12.00
# Visual Studio Version 16
VisualStudioVersion = 16.0.31410.357
MinimumVisualStudioVersion = 10.0.40219.1
Project("{FAE04EC0-301F-11D3-BF4B-00C04F79EFBC}") = "HguUnityServer", "HguUnityServer\HguUnityServer.csproj", "{A24626BA-257F-4BEE-BDC6-D242DE4923BD}"
EndProject
Global
	GlobalSection(SolutionConfigurationPlatforms) = preSolution
		Debug|Any CPU = Debug|Any CPU
		Release|Any CPU = Release|Any CPU
	EndGlobalSection
	GlobalSection(ProjectConfigurationPlatforms) = postSolution
		{A24626BA-257F-4BEE-BDC6-D242DE4923BD}.Debug|Any CPU.ActiveCfg = Debug|Any CPU
		{A24626BA-257F-4BEE-BDC6-D242DE4923BD}.Debug|Any CPU.Build.0 = Debug|Any CPU
		{A24626BA-257F-4BEE-BDC6-D242DE4923BD}.Release|Any CPU.ActiveCfg = Release|Any CPU
		{A24626BA-257F-4BEE-BDC6-D242DE4923BD}.Release|Any CPU.Build.0 = Release|Any CPU
	EndGlobalSection
	GlobalSection(SolutionProperties) = preSolution
		HideSolutionNode = FALSE
	EndGlobalSection
	GlobalSection(ExtensibilityGlobals) = postSolution
		SolutionGuid = {7273EA8E-B24E-4078-A770-341F3DB7450E}
	EndGlobalSection
EndGlobal
